
Microsoft Visual Studio Solution File, Format Version 12.00
# Visual Studio Version 17
VisualStudioVersion = 17.7.34031.279
MinimumVisualStudioVersion = 10.0.40219.1
Project("{FAE04EC0-301F-11D3-BF4B-00C04F79EFBC}") = "TrainingWebSystem", "TrainingWebSystem.csproj", "{D521F47A-3AF8-40E4-84C0-F5EB462DCDBE}"
EndProject
Global
	GlobalSection(SolutionConfigurationPlatforms) = preSolution
		Debug|Any CPU = Debug|Any CPU
		Release|Any CPU = Release|Any CPU
	EndGlobalSection
	GlobalSection(ProjectConfigurationPlatforms) = postSolution
		{D521F47A-3AF8-40E4-84C0-F5EB462DCDBE}.Debug|Any CPU.ActiveCfg = Debug|Any CPU
		{D521F47A-3AF8-40E4-84C0-F5EB462DCDBE}.Debug|Any CPU.Build.0 = Debug|Any CPU
		{D521F47A-3AF8-40E4-84C0-F5EB462DCDBE}.Release|Any CPU.ActiveCfg = Release|Any CPU
		{D521F47A-3AF8-40E4-84C0-F5EB462DCDBE}.Release|Any CPU.Build.0 = Release|Any CPU
	EndGlobalSection
	GlobalSection(SolutionProperties) = preSolution
		HideSolutionNode = FALSE
	EndGlobalSection
EndGlobal
